{
  "originHash" : "17b6ab1a3434ef7513ae760b5c98405e6821c9d699730c69ea3b72c73db9ae31",
  "pins" : [
    {
      "identity" : "cocoaimagehashing",
      "kind" : "remoteSourceControl",
      "location" : "https://github.com/ameingast/cocoaimagehashing",
      "state" : {
        "revision" : "ad01eee3c3f91bd181f7f4eba7f48f7cb211b51c",
        "version" : "1.9.0"
      }
    },
    {
      "identity" : "grdb.swift",
      "kind" : "remoteSourceControl",
      "location" : "https://github.com/groue/GRDB.swift",
      "state" : {
        "revision" : "b83108d10f42680d78f23fe4d4d80fc88dab3212",
        "version" : "7.11.1"
      }
    }
  ],
  "version" : 3
}
