// !$*UTF8*$!
{
	archiveVersion = 1;
	classes = {
	};
	objectVersion = 56;
	objects = {

/* Begin PBXBuildFile section */
		0C73E92DD56DC1FA51755D12 /* PhotoLibraryService.swift in Sources */ = {isa = PBXBuildFile; fileRef = 6151087A531365F892A49C0E /* PhotoLibraryService.swift */; };
		0E9F5142BAD32C3575AC1716 /* Meta.swift in Sources */ = {isa = PBXBuildFile; fileRef = BDB6FA50E342900445433577 /* Meta.swift */; };
		1ADC5302E8F426BD4889B0DE /* AsyncThumbnail.swift in Sources */ = {isa = PBXBuildFile; fileRef = F4114F9B427A584FA161C315 /* AsyncThumbnail.swift */; };
		44087B7662E81FFACE657939 /* ContentView.swift in Sources */ = {isa = PBXBuildFile; fileRef = 56FC066691A00CC2802E22D8 /* ContentView.swift */; };
		51CD89674D6DD8B6B3FB2074 /* AssetPreview.swift in Sources */ = {isa = PBXBuildFile; fileRef = 4813F00BE54326CB6B996AAC /* AssetPreview.swift */; };
		5654C81ABA7314D997BB86C5 /* MetaField.swift in Sources */ = {isa = PBXBuildFile; fileRef = 57E3247D1449F4CBD7B77FA3 /* MetaField.swift */; };
		588DF4B1FCA22E0678C8029C /* Asset.swift in Sources */ = {isa = PBXBuildFile; fileRef = E3F98292FFAEBCD6A64161C7 /* Asset.swift */; };
		591BB93DFB2D996054A3A597 /* LibraryAsset.swift in Sources */ = {isa = PBXBuildFile; fileRef = ECC4EE105A62A2836D2EBC6F /* LibraryAsset.swift */; };
		67D2D27FC4DEFBEF8E791C64 /* PhotosViewModel.swift in Sources */ = {isa = PBXBuildFile; fileRef = 2AD918AE1A91F64206AA6990 /* PhotosViewModel.swift */; };
		7025DD167CACAF9A42758980 /* PhotoLibraryServiceMock.swift in Sources */ = {isa = PBXBuildFile; fileRef = BADBF6A65E3EBBB94F6D1881 /* PhotoLibraryServiceMock.swift */; };
		7B43665A35D5110BB3FE9A9C /* ImageHashingServiceMock.swift in Sources */ = {isa = PBXBuildFile; fileRef = C8750B4C2B391BC7C0E8A992 /* ImageHashingServiceMock.swift */; };
		8648E6A0E54F0C773EA52B69 /* DetailsView.swift in Sources */ = {isa = PBXBuildFile; fileRef = 9E4BB93AA36B178356CFF5CC /* DetailsView.swift */; };
		B10ABC2E71977AACF3591A48 /* ImageHashingService.swift in Sources */ = {isa = PBXBuildFile; fileRef = 67D797F136B664626107BD90 /* ImageHashingService.swift */; };
		B4A91D8BE4FE22ADCD14B14B /* FiltersView.swift in Sources */ = {isa = PBXBuildFile; fileRef = 1DF5D68DECA76136E4E026F5 /* FiltersView.swift */; };
		BF82169970203A98DD0B5CE4 /* ReadHeight.swift in Sources */ = {isa = PBXBuildFile; fileRef = 1F1FDC81E8972EC3DBA1C735 /* ReadHeight.swift */; };
		D33359302BFCE4FC0048CE99 /* DeDuPTests.swift in Sources */ = {isa = PBXBuildFile; fileRef = D333592F2BFCE4FC0048CE99 /* DeDuPTests.swift */; };
		D33359372BFE6BB80048CE99 /* PreviewData.swift in Sources */ = {isa = PBXBuildFile; fileRef = D33359362BFE6BB80048CE99 /* PreviewData.swift */; };
		D353C5562BF13CDD008B56B2 /* CocoaImageHashing in Frameworks */ = {isa = PBXBuildFile; productRef = D353C5552BF13CDD008B56B2 /* CocoaImageHashing */; };
		D3AB0F372BECCDD30078DBF2 /* DeDuPApp.swift in Sources */ = {isa = PBXBuildFile; fileRef = D3AB0F362BECCDD30078DBF2 /* DeDuPApp.swift */; };
		D3AB0F3B2BECCDD40078DBF2 /* Assets.xcassets in Resources */ = {isa = PBXBuildFile; fileRef = D3AB0F3A2BECCDD40078DBF2 /* Assets.xcassets */; };
		D3AB0F3E2BECCDD40078DBF2 /* Preview Assets.xcassets in Resources */ = {isa = PBXBuildFile; fileRef = D3AB0F3D2BECCDD40078DBF2 /* Preview Assets.xcassets */; };
		D9FB2E80DC612DF4912EF0EF /* AssetsGroup.swift in Sources */ = {isa = PBXBuildFile; fileRef = CB6B8E2F894AEBD305293661 /* AssetsGroup.swift */; };
/* End PBXBuildFile section */

/* Begin PBXContainerItemProxy section */
		D33359312BFCE4FC0048CE99 /* PBXContainerItemProxy */ = {
			isa = PBXContainerItemProxy;
			containerPortal = D3AB0F2B2BECCDD30078DBF2 /* Project object */;
			proxyType = 1;
			remoteGlobalIDString = D3AB0F322BECCDD30078DBF2;
			remoteInfo = DeDuP;
		};
/* End PBXContainerItemProxy section */

/* Begin PBXFileReference section */
		1DF5D68DECA76136E4E026F5 /* FiltersView.swift */ = {isa = PBXFileReference; includeInIndex = 1; lastKnownFileType = sourcecode.swift; path = FiltersView.swift; sourceTree = "<group>"; };
		1F1FDC81E8972EC3DBA1C735 /* ReadHeight.swift */ = {isa = PBXFileReference; includeInIndex = 1; lastKnownFileType = sourcecode.swift; path = ReadHeight.swift; sourceTree = "<group>"; };
		2AD918AE1A91F64206AA6990 /* PhotosViewModel.swift */ = {isa = PBXFileReference; includeInIndex = 1; lastKnownFileType = sourcecode.swift; path = PhotosViewModel.swift; sourceTree = "<group>"; };
		4813F00BE54326CB6B996AAC /* AssetPreview.swift */ = {isa = PBXFileReference; includeInIndex = 1; lastKnownFileType = sourcecode.swift; path = AssetPreview.swift; sourceTree = "<group>"; };
		56FC066691A00CC2802E22D8 /* ContentView.swift */ = {isa = PBXFileReference; includeInIndex = 1; lastKnownFileType = sourcecode.swift; path = ContentView.swift; sourceTree = "<group>"; };
		57E3247D1449F4CBD7B77FA3 /* MetaField.swift */ = {isa = PBXFileReference; includeInIndex = 1; lastKnownFileType = sourcecode.swift; path = MetaField.swift; sourceTree = "<group>"; };
		6151087A531365F892A49C0E /* PhotoLibraryService.swift */ = {isa = PBXFileReference; includeInIndex = 1; lastKnownFileType = sourcecode.swift; path = PhotoLibraryService.swift; sourceTree = "<group>"; };
		67D797F136B664626107BD90 /* ImageHashingService.swift */ = {isa = PBXFileReference; includeInIndex = 1; lastKnownFileType = sourcecode.swift; path = ImageHashingService.swift; sourceTree = "<group>"; };
		9E4BB93AA36B178356CFF5CC /* DetailsView.swift */ = {isa = PBXFileReference; includeInIndex = 1; lastKnownFileType = sourcecode.swift; path = DetailsView.swift; sourceTree = "<group>"; };
		BADBF6A65E3EBBB94F6D1881 /* PhotoLibraryServiceMock.swift */ = {isa = PBXFileReference; includeInIndex = 1; lastKnownFileType = sourcecode.swift; path = PhotoLibraryServiceMock.swift; sourceTree = "<group>"; };
		BDB6FA50E342900445433577 /* Meta.swift */ = {isa = PBXFileReference; includeInIndex = 1; lastKnownFileType = sourcecode.swift; path = Meta.swift; sourceTree = "<group>"; };
		C8750B4C2B391BC7C0E8A992 /* ImageHashingServiceMock.swift */ = {isa = PBXFileReference; includeInIndex = 1; lastKnownFileType = sourcecode.swift; path = ImageHashingServiceMock.swift; sourceTree = "<group>"; };
		CB6B8E2F894AEBD305293661 /* AssetsGroup.swift */ = {isa = PBXFileReference; includeInIndex = 1; lastKnownFileType = sourcecode.swift; path = AssetsGroup.swift; sourceTree = "<group>"; };
		D333592D2BFCE4FC0048CE99 /* DeDuPTests.xctest */ = {isa = PBXFileReference; explicitFileType = wrapper.cfbundle; includeInIndex = 0; path = DeDuPTests.xctest; sourceTree = BUILT_PRODUCTS_DIR; };
		D333592F2BFCE4FC0048CE99 /* DeDuPTests.swift */ = {isa = PBXFileReference; lastKnownFileType = sourcecode.swift; path = DeDuPTests.swift; sourceTree = "<group>"; };
		D33359362BFE6BB80048CE99 /* PreviewData.swift */ = {isa = PBXFileReference; lastKnownFileType = sourcecode.swift; path = PreviewData.swift; sourceTree = "<group>"; };
		D3AB0F332BECCDD30078DBF2 /* DeDuP.app */ = {isa = PBXFileReference; explicitFileType = wrapper.application; includeInIndex = 0; path = DeDuP.app; sourceTree = BUILT_PRODUCTS_DIR; };
		D3AB0F362BECCDD30078DBF2 /* DeDuPApp.swift */ = {isa = PBXFileReference; lastKnownFileType = sourcecode.swift; path = DeDuPApp.swift; sourceTree = "<group>"; };
		D3AB0F3A2BECCDD40078DBF2 /* Assets.xcassets */ = {isa = PBXFileReference; lastKnownFileType = folder.assetcatalog; path = Assets.xcassets; sourceTree = "<group>"; };
		D3AB0F3D2BECCDD40078DBF2 /* Preview Assets.xcassets */ = {isa = PBXFileReference; lastKnownFileType = folder.assetcatalog; path = "Preview Assets.xcassets"; sourceTree = "<group>"; };
		E3F98292FFAEBCD6A64161C7 /* Asset.swift */ = {isa = PBXFileReference; includeInIndex = 1; lastKnownFileType = sourcecode.swift; path = Asset.swift; sourceTree = "<group>"; };
		ECC4EE105A62A2836D2EBC6F /* LibraryAsset.swift */ = {isa = PBXFileReference; includeInIndex = 1; lastKnownFileType = sourcecode.swift; path = LibraryAsset.swift; sourceTree = "<group>"; };
		F4114F9B427A584FA161C315 /* AsyncThumbnail.swift */ = {isa = PBXFileReference; includeInIndex = 1; lastKnownFileType = sourcecode.swift; path = AsyncThumbnail.swift; sourceTree = "<group>"; };
/* End PBXFileReference section */

/* Begin PBXFrameworksBuildPhase section */
		D333592A2BFCE4FC0048CE99 /* Frameworks */ = {
			isa = PBXFrameworksBuildPhase;
			buildActionMask = 2147483647;
			files = (
			);
			runOnlyForDeploymentPostprocessing = 0;
		};
		D3AB0F302BECCDD30078DBF2 /* Frameworks */ = {
			isa = PBXFrameworksBuildPhase;
			buildActionMask = 2147483647;
			files = (
				D353C5562BF13CDD008B56B2 /* CocoaImageHashing in Frameworks */,
			);
			runOnlyForDeploymentPostprocessing = 0;
		};
/* End PBXFrameworksBuildPhase section */

/* Begin PBXShellScriptBuildPhase section */
		7B8054A3070548B9AAD37955 /* SwiftFormat */ = {
			isa = PBXShellScriptBuildPhase;
			alwaysOutOfDate = 1;
			buildActionMask = 2147483647;
			files = (
			);
			inputFileListPaths = (
			);
			inputPaths = (
			);
			name = SwiftFormat;
			outputFileListPaths = (
			);
			outputPaths = (
			);
			runOnlyForDeploymentPostprocessing = 0;
			shellPath = /bin/sh;
			shellScript = "export PATH=\"$PATH:/opt/homebrew/bin:/usr/local/bin\"\nif which swiftformat > /dev/null; then\n  swiftformat \"$SRCROOT\" --quiet\nelse\n  echo \"warning: SwiftFormat not installed, run 'brew install swiftformat'\"\nfi\n";
		};
		4FE93B9DEBC2488F82262151 /* SwiftLint */ = {
			isa = PBXShellScriptBuildPhase;
			alwaysOutOfDate = 1;
			buildActionMask = 2147483647;
			files = (
			);
			inputFileListPaths = (
			);
			inputPaths = (
			);
			name = SwiftLint;
			outputFileListPaths = (
			);
			outputPaths = (
			);
			runOnlyForDeploymentPostprocessing = 0;
			shellPath = /bin/sh;
			shellScript = "export PATH=\"$PATH:/opt/homebrew/bin:/usr/local/bin\"\nif which swiftlint > /dev/null; then\n  swiftlint\nelse\n  echo \"warning: SwiftLint not installed, run 'brew install swiftlint'\"\nfi\n";
		};
/* End PBXShellScriptBuildPhase section */

/* Begin PBXGroup section */
		0E8B86ADE72BA5E54AE18F78 /* Services */ = {
			isa = PBXGroup;
			children = (
				6151087A531365F892A49C0E /* PhotoLibraryService.swift */,
				67D797F136B664626107BD90 /* ImageHashingService.swift */,
			);
			name = Services;
			path = Services;
			sourceTree = "<group>";
		};
		3310FD9F747EE7EC6CE0EE39 /* PhotosFlow */ = {
			isa = PBXGroup;
			children = (
				2AD918AE1A91F64206AA6990 /* PhotosViewModel.swift */,
				56FC066691A00CC2802E22D8 /* ContentView.swift */,
				4813F00BE54326CB6B996AAC /* AssetPreview.swift */,
				F4114F9B427A584FA161C315 /* AsyncThumbnail.swift */,
				1DF5D68DECA76136E4E026F5 /* FiltersView.swift */,
				9E4BB93AA36B178356CFF5CC /* DetailsView.swift */,
				57E3247D1449F4CBD7B77FA3 /* MetaField.swift */,
			);
			name = PhotosFlow;
			path = PhotosFlow;
			sourceTree = "<group>";
		};
		4962B23733625576CEFD0B0C /* Mocks */ = {
			isa = PBXGroup;
			children = (
				BADBF6A65E3EBBB94F6D1881 /* PhotoLibraryServiceMock.swift */,
				C8750B4C2B391BC7C0E8A992 /* ImageHashingServiceMock.swift */,
			);
			name = Mocks;
			path = Mocks;
			sourceTree = "<group>";
		};
		837A38F0C3A0884ADF9C7420 /* Models */ = {
			isa = PBXGroup;
			children = (
				BDB6FA50E342900445433577 /* Meta.swift */,
				ECC4EE105A62A2836D2EBC6F /* LibraryAsset.swift */,
				E3F98292FFAEBCD6A64161C7 /* Asset.swift */,
				CB6B8E2F894AEBD305293661 /* AssetsGroup.swift */,
			);
			name = Models;
			path = Models;
			sourceTree = "<group>";
		};
		B584D60BEB66371DAE472309 /* Utilities */ = {
			isa = PBXGroup;
			children = (
				1F1FDC81E8972EC3DBA1C735 /* ReadHeight.swift */,
			);
			name = Utilities;
			path = Utilities;
			sourceTree = "<group>";
		};
		D333592E2BFCE4FC0048CE99 /* DeDuPTests */ = {
			isa = PBXGroup;
			children = (
				D333592F2BFCE4FC0048CE99 /* DeDuPTests.swift */,
			);
			path = DeDuPTests;
			sourceTree = "<group>";
		};
		D3AB0F2A2BECCDD30078DBF2 = {
			isa = PBXGroup;
			children = (
				D3AB0F352BECCDD30078DBF2 /* DeDuP */,
				D333592E2BFCE4FC0048CE99 /* DeDuPTests */,
				D3AB0F342BECCDD30078DBF2 /* Products */,
			);
			sourceTree = "<group>";
		};
		D3AB0F342BECCDD30078DBF2 /* Products */ = {
			isa = PBXGroup;
			children = (
				D3AB0F332BECCDD30078DBF2 /* DeDuP.app */,
				D333592D2BFCE4FC0048CE99 /* DeDuPTests.xctest */,
			);
			name = Products;
			sourceTree = "<group>";
		};
		D3AB0F352BECCDD30078DBF2 /* DeDuP */ = {
			isa = PBXGroup;
			children = (
				D3AB0F362BECCDD30078DBF2 /* DeDuPApp.swift */,
				D3AB0F3A2BECCDD40078DBF2 /* Assets.xcassets */,
				D3AB0F3C2BECCDD40078DBF2 /* Preview Content */,
				837A38F0C3A0884ADF9C7420 /* Models */,
				0E8B86ADE72BA5E54AE18F78 /* Services */,
				4962B23733625576CEFD0B0C /* Mocks */,
				3310FD9F747EE7EC6CE0EE39 /* PhotosFlow */,
				B584D60BEB66371DAE472309 /* Utilities */,
			);
			path = DeDuP;
			sourceTree = "<group>";
		};
		D3AB0F3C2BECCDD40078DBF2 /* Preview Content */ = {
			isa = PBXGroup;
			children = (
				D3AB0F3D2BECCDD40078DBF2 /* Preview Assets.xcassets */,
				D33359362BFE6BB80048CE99 /* PreviewData.swift */,
			);
			path = "Preview Content";
			sourceTree = "<group>";
		};
/* End PBXGroup section */

/* Begin PBXNativeTarget section */
		D333592C2BFCE4FC0048CE99 /* DeDuPTests */ = {
			isa = PBXNativeTarget;
			buildConfigurationList = D33359332BFCE4FC0048CE99 /* Build configuration list for PBXNativeTarget "DeDuPTests" */;
			buildPhases = (
				D33359292BFCE4FC0048CE99 /* Sources */,
				D333592A2BFCE4FC0048CE99 /* Frameworks */,
				D333592B2BFCE4FC0048CE99 /* Resources */,
			);
			buildRules = (
			);
			dependencies = (
				D33359322BFCE4FC0048CE99 /* PBXTargetDependency */,
			);
			name = DeDuPTests;
			productName = DeDuPTests;
			productReference = D333592D2BFCE4FC0048CE99 /* DeDuPTests.xctest */;
			productType = "com.apple.product-type.bundle.unit-test";
		};
		D3AB0F322BECCDD30078DBF2 /* DeDuP */ = {
			isa = PBXNativeTarget;
			buildConfigurationList = D3AB0F412BECCDD40078DBF2 /* Build configuration list for PBXNativeTarget "DeDuP" */;
			buildPhases = (
				7B8054A3070548B9AAD37955 /* SwiftFormat */,
				4FE93B9DEBC2488F82262151 /* SwiftLint */,
				D3AB0F2F2BECCDD30078DBF2 /* Sources */,
				D3AB0F302BECCDD30078DBF2 /* Frameworks */,
				D3AB0F312BECCDD30078DBF2 /* Resources */,
			);
			buildRules = (
			);
			dependencies = (
			);
			name = DeDuP;
			packageProductDependencies = (
				D353C5552BF13CDD008B56B2 /* CocoaImageHashing */,
			);
			productName = DeDuP;
			productReference = D3AB0F332BECCDD30078DBF2 /* DeDuP.app */;
			productType = "com.apple.product-type.application";
		};
/* End PBXNativeTarget section */

/* Begin PBXProject section */
		D3AB0F2B2BECCDD30078DBF2 /* Project object */ = {
			isa = PBXProject;
			attributes = {
				BuildIndependentTargetsInParallel = 1;
				LastSwiftUpdateCheck = 1540;
				LastUpgradeCheck = 1530;
				TargetAttributes = {
					D333592C2BFCE4FC0048CE99 = {
						CreatedOnToolsVersion = 15.4;
						TestTargetID = D3AB0F322BECCDD30078DBF2;
					};
					D3AB0F322BECCDD30078DBF2 = {
						CreatedOnToolsVersion = 15.3;
					};
				};
			};
			buildConfigurationList = D3AB0F2E2BECCDD30078DBF2 /* Build configuration list for PBXProject "DeDuP" */;
			compatibilityVersion = "Xcode 14.0";
			developmentRegion = en;
			hasScannedForEncodings = 0;
			knownRegions = (
				en,
				Base,
			);
			mainGroup = D3AB0F2A2BECCDD30078DBF2;
			packageReferences = (
				D353C5542BF13CDD008B56B2 /* XCRemoteSwiftPackageReference "cocoaimagehashing" */,
			);
			productRefGroup = D3AB0F342BECCDD30078DBF2 /* Products */;
			projectDirPath = "";
			projectRoot = "";
			targets = (
				D3AB0F322BECCDD30078DBF2 /* DeDuP */,
				D333592C2BFCE4FC0048CE99 /* DeDuPTests */,
			);
		};
/* End PBXProject section */

/* Begin PBXResourcesBuildPhase section */
		D333592B2BFCE4FC0048CE99 /* Resources */ = {
			isa = PBXResourcesBuildPhase;
			buildActionMask = 2147483647;
			files = (
			);
			runOnlyForDeploymentPostprocessing = 0;
		};
		D3AB0F312BECCDD30078DBF2 /* Resources */ = {
			isa = PBXResourcesBuildPhase;
			buildActionMask = 2147483647;
			files = (
				D3AB0F3E2BECCDD40078DBF2 /* Preview Assets.xcassets in Resources */,
				D3AB0F3B2BECCDD40078DBF2 /* Assets.xcassets in Resources */,
			);
			runOnlyForDeploymentPostprocessing = 0;
		};
/* End PBXResourcesBuildPhase section */

/* Begin PBXSourcesBuildPhase section */
		D33359292BFCE4FC0048CE99 /* Sources */ = {
			isa = PBXSourcesBuildPhase;
			buildActionMask = 2147483647;
			files = (
				D33359302BFCE4FC0048CE99 /* DeDuPTests.swift in Sources */,
			);
			runOnlyForDeploymentPostprocessing = 0;
		};
		D3AB0F2F2BECCDD30078DBF2 /* Sources */ = {
			isa = PBXSourcesBuildPhase;
			buildActionMask = 2147483647;
			files = (
				D33359372BFE6BB80048CE99 /* PreviewData.swift in Sources */,
				D3AB0F372BECCDD30078DBF2 /* DeDuPApp.swift in Sources */,
				0E9F5142BAD32C3575AC1716 /* Meta.swift in Sources */,
				0C73E92DD56DC1FA51755D12 /* PhotoLibraryService.swift in Sources */,
				B10ABC2E71977AACF3591A48 /* ImageHashingService.swift in Sources */,
				7025DD167CACAF9A42758980 /* PhotoLibraryServiceMock.swift in Sources */,
				7B43665A35D5110BB3FE9A9C /* ImageHashingServiceMock.swift in Sources */,
				591BB93DFB2D996054A3A597 /* LibraryAsset.swift in Sources */,
				588DF4B1FCA22E0678C8029C /* Asset.swift in Sources */,
				D9FB2E80DC612DF4912EF0EF /* AssetsGroup.swift in Sources */,
				67D2D27FC4DEFBEF8E791C64 /* PhotosViewModel.swift in Sources */,
				44087B7662E81FFACE657939 /* ContentView.swift in Sources */,
				51CD89674D6DD8B6B3FB2074 /* AssetPreview.swift in Sources */,
				1ADC5302E8F426BD4889B0DE /* AsyncThumbnail.swift in Sources */,
				B4A91D8BE4FE22ADCD14B14B /* FiltersView.swift in Sources */,
				8648E6A0E54F0C773EA52B69 /* DetailsView.swift in Sources */,
				5654C81ABA7314D997BB86C5 /* MetaField.swift in Sources */,
				BF82169970203A98DD0B5CE4 /* ReadHeight.swift in Sources */,
			);
			runOnlyForDeploymentPostprocessing = 0;
		};
/* End PBXSourcesBuildPhase section */

/* Begin PBXTargetDependency section */
		D33359322BFCE4FC0048CE99 /* PBXTargetDependency */ = {
			isa = PBXTargetDependency;
			target = D3AB0F322BECCDD30078DBF2 /* DeDuP */;
			targetProxy = D33359312BFCE4FC0048CE99 /* PBXContainerItemProxy */;
		};
/* End PBXTargetDependency section */

/* Begin XCBuildConfiguration section */
		D33359342BFCE4FC0048CE99 /* Debug */ = {
			isa = XCBuildConfiguration;
			buildSettings = {
				BUNDLE_LOADER = "$(TEST_HOST)";
				CODE_SIGN_STYLE = Automatic;
				CURRENT_PROJECT_VERSION = 1;
				DEVELOPMENT_TEAM = 4QYMTGDJ7R;
				GENERATE_INFOPLIST_FILE = YES;
				IPHONEOS_DEPLOYMENT_TARGET = 17.4;
				MARKETING_VERSION = 1.0;
				PRODUCT_BUNDLE_IDENTIFIER = com.n7mobile.DeDuPTests;
				PRODUCT_NAME = "$(TARGET_NAME)";
				SWIFT_EMIT_LOC_STRINGS = NO;
				SWIFT_VERSION = 5.0;
				TARGETED_DEVICE_FAMILY = "1,2";
				TEST_HOST = "$(BUILT_PRODUCTS_DIR)/DeDuP.app/$(BUNDLE_EXECUTABLE_FOLDER_PATH)/DeDuP";
			};
			name = Debug;
		};
		D33359352BFCE4FC0048CE99 /* Release */ = {
			isa = XCBuildConfiguration;
			buildSettings = {
				BUNDLE_LOADER = "$(TEST_HOST)";
				CODE_SIGN_STYLE = Automatic;
				CURRENT_PROJECT_VERSION = 1;
				DEVELOPMENT_TEAM = 4QYMTGDJ7R;
				GENERATE_INFOPLIST_FILE = YES;
				IPHONEOS_DEPLOYMENT_TARGET = 17.4;
				MARKETING_VERSION = 1.0;
				PRODUCT_BUNDLE_IDENTIFIER = com.n7mobile.DeDuPTests;
				PRODUCT_NAME = "$(TARGET_NAME)";
				SWIFT_EMIT_LOC_STRINGS = NO;
				SWIFT_VERSION = 5.0;
				TARGETED_DEVICE_FAMILY = "1,2";
				TEST_HOST = "$(BUILT_PRODUCTS_DIR)/DeDuP.app/$(BUNDLE_EXECUTABLE_FOLDER_PATH)/DeDuP";
			};
			name = Release;
		};
		D3AB0F3F2BECCDD40078DBF2 /* Debug */ = {
			isa = XCBuildConfiguration;
			buildSettings = {
				ALWAYS_SEARCH_USER_PATHS = NO;
				ASSETCATALOG_COMPILER_GENERATE_SWIFT_ASSET_SYMBOL_EXTENSIONS = YES;
				CLANG_ANALYZER_NONNULL = YES;
				CLANG_ANALYZER_NUMBER_OBJECT_CONVERSION = YES_AGGRESSIVE;
				CLANG_CXX_LANGUAGE_STANDARD = "gnu++20";
				CLANG_ENABLE_MODULES = YES;
				CLANG_ENABLE_OBJC_ARC = YES;
				CLANG_ENABLE_OBJC_WEAK = YES;
				CLANG_WARN_BLOCK_CAPTURE_AUTORELEASING = YES;
				CLANG_WARN_BOOL_CONVERSION = YES;
				CLANG_WARN_COMMA = YES;
				CLANG_WARN_CONSTANT_CONVERSION = YES;
				CLANG_WARN_DEPRECATED_OBJC_IMPLEMENTATIONS = YES;
				CLANG_WARN_DIRECT_OBJC_ISA_USAGE = YES_ERROR;
				CLANG_WARN_DOCUMENTATION_COMMENTS = YES;
				CLANG_WARN_EMPTY_BODY = YES;
				CLANG_WARN_ENUM_CONVERSION = YES;
				CLANG_WARN_INFINITE_RECURSION = YES;
				CLANG_WARN_INT_CONVERSION = YES;
				CLANG_WARN_NON_LITERAL_NULL_CONVERSION = YES;
				CLANG_WARN_OBJC_IMPLICIT_RETAIN_SELF = YES;
				CLANG_WARN_OBJC_LITERAL_CONVERSION = YES;
				CLANG_WARN_OBJC_ROOT_CLASS = YES_ERROR;
				CLANG_WARN_QUOTED_INCLUDE_IN_FRAMEWORK_HEADER = YES;
				CLANG_WARN_RANGE_LOOP_ANALYSIS = YES;
				CLANG_WARN_STRICT_PROTOTYPES = YES;
				CLANG_WARN_SUSPICIOUS_MOVE = YES;
				CLANG_WARN_UNGUARDED_AVAILABILITY = YES_AGGRESSIVE;
				CLANG_WARN_UNREACHABLE_CODE = YES;
				CLANG_WARN__DUPLICATE_METHOD_MATCH = YES;
				COPY_PHASE_STRIP = NO;
				DEBUG_INFORMATION_FORMAT = dwarf;
				ENABLE_STRICT_OBJC_MSGSEND = YES;
				ENABLE_TESTABILITY = YES;
				ENABLE_USER_SCRIPT_SANDBOXING = NO;
				GCC_C_LANGUAGE_STANDARD = gnu17;
				GCC_DYNAMIC_NO_PIC = NO;
				GCC_NO_COMMON_BLOCKS = YES;
				GCC_OPTIMIZATION_LEVEL = 0;
				GCC_PREPROCESSOR_DEFINITIONS = (
					"DEBUG=1",
					"$(inherited)",
				);
				GCC_WARN_64_TO_32_BIT_CONVERSION = YES;
				GCC_WARN_ABOUT_RETURN_TYPE = YES_ERROR;
				GCC_WARN_UNDECLARED_SELECTOR = YES;
				GCC_WARN_UNINITIALIZED_AUTOS = YES_AGGRESSIVE;
				GCC_WARN_UNUSED_FUNCTION = YES;
				GCC_WARN_UNUSED_VARIABLE = YES;
				IPHONEOS_DEPLOYMENT_TARGET = 17.4;
				LOCALIZATION_PREFERS_STRING_CATALOGS = YES;
				MTL_ENABLE_DEBUG_INFO = INCLUDE_SOURCE;
				MTL_FAST_MATH = YES;
				ONLY_ACTIVE_ARCH = YES;
				SDKROOT = iphoneos;
				SWIFT_ACTIVE_COMPILATION_CONDITIONS = "DEBUG $(inherited)";
				SWIFT_OPTIMIZATION_LEVEL = "-Onone";
			};
			name = Debug;
		};
		D3AB0F402BECCDD40078DBF2 /* Release */ = {
			isa = XCBuildConfiguration;
			buildSettings = {
				ALWAYS_SEARCH_USER_PATHS = NO;
				ASSETCATALOG_COMPILER_GENERATE_SWIFT_ASSET_SYMBOL_EXTENSIONS = YES;
				CLANG_ANALYZER_NONNULL = YES;
				CLANG_ANALYZER_NUMBER_OBJECT_CONVERSION = YES_AGGRESSIVE;
				CLANG_CXX_LANGUAGE_STANDARD = "gnu++20";
				CLANG_ENABLE_MODULES = YES;
				CLANG_ENABLE_OBJC_ARC = YES;
				CLANG_ENABLE_OBJC_WEAK = YES;
				CLANG_WARN_BLOCK_CAPTURE_AUTORELEASING = YES;
				CLANG_WARN_BOOL_CONVERSION = YES;
				CLANG_WARN_COMMA = YES;
				CLANG_WARN_CONSTANT_CONVERSION = YES;
				CLANG_WARN_DEPRECATED_OBJC_IMPLEMENTATIONS = YES;
				CLANG_WARN_DIRECT_OBJC_ISA_USAGE = YES_ERROR;
				CLANG_WARN_DOCUMENTATION_COMMENTS = YES;
				CLANG_WARN_EMPTY_BODY = YES;
				CLANG_WARN_ENUM_CONVERSION = YES;
				CLANG_WARN_INFINITE_RECURSION = YES;
				CLANG_WARN_INT_CONVERSION = YES;
				CLANG_WARN_NON_LITERAL_NULL_CONVERSION = YES;
				CLANG_WARN_OBJC_IMPLICIT_RETAIN_SELF = YES;
				CLANG_WARN_OBJC_LITERAL_CONVERSION = YES;
				CLANG_WARN_OBJC_ROOT_CLASS = YES_ERROR;
				CLANG_WARN_QUOTED_INCLUDE_IN_FRAMEWORK_HEADER = YES;
				CLANG_WARN_RANGE_LOOP_ANALYSIS = YES;
				CLANG_WARN_STRICT_PROTOTYPES = YES;
				CLANG_WARN_SUSPICIOUS_MOVE = YES;
				CLANG_WARN_UNGUARDED_AVAILABILITY = YES_AGGRESSIVE;
				CLANG_WARN_UNREACHABLE_CODE = YES;
				CLANG_WARN__DUPLICATE_METHOD_MATCH = YES;
				COPY_PHASE_STRIP = NO;
				DEBUG_INFORMATION_FORMAT = "dwarf-with-dsym";
				ENABLE_NS_ASSERTIONS = NO;
				ENABLE_STRICT_OBJC_MSGSEND = YES;
				ENABLE_USER_SCRIPT_SANDBOXING = NO;
				GCC_C_LANGUAGE_STANDARD = gnu17;
				GCC_NO_COMMON_BLOCKS = YES;
				GCC_WARN_64_TO_32_BIT_CONVERSION = YES;
				GCC_WARN_ABOUT_RETURN_TYPE = YES_ERROR;
				GCC_WARN_UNDECLARED_SELECTOR = YES;
				GCC_WARN_UNINITIALIZED_AUTOS = YES_AGGRESSIVE;
				GCC_WARN_UNUSED_FUNCTION = YES;
				GCC_WARN_UNUSED_VARIABLE = YES;
				IPHONEOS_DEPLOYMENT_TARGET = 17.4;
				LOCALIZATION_PREFERS_STRING_CATALOGS = YES;
				MTL_ENABLE_DEBUG_INFO = NO;
				MTL_FAST_MATH = YES;
				SDKROOT = iphoneos;
				SWIFT_COMPILATION_MODE = wholemodule;
				VALIDATE_PRODUCT = YES;
			};
			name = Release;
		};
		D3AB0F422BECCDD40078DBF2 /* Debug */ = {
			isa = XCBuildConfiguration;
			buildSettings = {
				ASSETCATALOG_COMPILER_APPICON_NAME = AppIcon;
				ASSETCATALOG_COMPILER_GLOBAL_ACCENT_COLOR_NAME = AccentColor;
				CODE_SIGN_STYLE = Automatic;
				CURRENT_PROJECT_VERSION = 1;
				DEVELOPMENT_ASSET_PATHS = "\"DeDuP/Preview Content\"";
				DEVELOPMENT_TEAM = 4QYMTGDJ7R;
				ENABLE_PREVIEWS = YES;
				GENERATE_INFOPLIST_FILE = YES;
				INFOPLIST_KEY_NSPhotoLibraryUsageDescription = "Looking for duplicates";
				INFOPLIST_KEY_UIApplicationSceneManifest_Generation = YES;
				INFOPLIST_KEY_UIApplicationSupportsIndirectInputEvents = YES;
				INFOPLIST_KEY_UILaunchScreen_Generation = YES;
				INFOPLIST_KEY_UISupportedInterfaceOrientations_iPad = "UIInterfaceOrientationPortrait UIInterfaceOrientationPortraitUpsideDown UIInterfaceOrientationLandscapeLeft UIInterfaceOrientationLandscapeRight";
				INFOPLIST_KEY_UISupportedInterfaceOrientations_iPhone = "UIInterfaceOrientationPortrait UIInterfaceOrientationLandscapeLeft UIInterfaceOrientationLandscapeRight";
				LD_RUNPATH_SEARCH_PATHS = (
					"$(inherited)",
					"@executable_path/Frameworks",
				);
				MARKETING_VERSION = 1.0;
				PRODUCT_BUNDLE_IDENTIFIER = com.n7mobile.DeDuP;
				PRODUCT_NAME = "$(TARGET_NAME)";
				SWIFT_EMIT_LOC_STRINGS = YES;
				SWIFT_VERSION = 5.0;
				TARGETED_DEVICE_FAMILY = "1,2";
			};
			name = Debug;
		};
		D3AB0F432BECCDD40078DBF2 /* Release */ = {
			isa = XCBuildConfiguration;
			buildSettings = {
				ASSETCATALOG_COMPILER_APPICON_NAME = AppIcon;
				ASSETCATALOG_COMPILER_GLOBAL_ACCENT_COLOR_NAME = AccentColor;
				CODE_SIGN_STYLE = Automatic;
				CURRENT_PROJECT_VERSION = 1;
				DEVELOPMENT_ASSET_PATHS = "\"DeDuP/Preview Content\"";
				DEVELOPMENT_TEAM = 4QYMTGDJ7R;
				ENABLE_PREVIEWS = YES;
				GENERATE_INFOPLIST_FILE = YES;
				INFOPLIST_KEY_NSPhotoLibraryUsageDescription = "Looking for duplicates";
				INFOPLIST_KEY_UIApplicationSceneManifest_Generation = YES;
				INFOPLIST_KEY_UIApplicationSupportsIndirectInputEvents = YES;
				INFOPLIST_KEY_UILaunchScreen_Generation = YES;
				INFOPLIST_KEY_UISupportedInterfaceOrientations_iPad = "UIInterfaceOrientationPortrait UIInterfaceOrientationPortraitUpsideDown UIInterfaceOrientationLandscapeLeft UIInterfaceOrientationLandscapeRight";
				INFOPLIST_KEY_UISupportedInterfaceOrientations_iPhone = "UIInterfaceOrientationPortrait UIInterfaceOrientationLandscapeLeft UIInterfaceOrientationLandscapeRight";
				LD_RUNPATH_SEARCH_PATHS = (
					"$(inherited)",
					"@executable_path/Frameworks",
				);
				MARKETING_VERSION = 1.0;
				PRODUCT_BUNDLE_IDENTIFIER = com.n7mobile.DeDuP;
				PRODUCT_NAME = "$(TARGET_NAME)";
				SWIFT_EMIT_LOC_STRINGS = YES;
				SWIFT_VERSION = 5.0;
				TARGETED_DEVICE_FAMILY = "1,2";
			};
			name = Release;
		};
/* End XCBuildConfiguration section */

/* Begin XCConfigurationList section */
		D33359332BFCE4FC0048CE99 /* Build configuration list for PBXNativeTarget "DeDuPTests" */ = {
			isa = XCConfigurationList;
			buildConfigurations = (
				D33359342BFCE4FC0048CE99 /* Debug */,
				D33359352BFCE4FC0048CE99 /* Release */,
			);
			defaultConfigurationIsVisible = 0;
			defaultConfigurationName = Release;
		};
		D3AB0F2E2BECCDD30078DBF2 /* Build configuration list for PBXProject "DeDuP" */ = {
			isa = XCConfigurationList;
			buildConfigurations = (
				D3AB0F3F2BECCDD40078DBF2 /* Debug */,
				D3AB0F402BECCDD40078DBF2 /* Release */,
			);
			defaultConfigurationIsVisible = 0;
			defaultConfigurationName = Release;
		};
		D3AB0F412BECCDD40078DBF2 /* Build configuration list for PBXNativeTarget "DeDuP" */ = {
			isa = XCConfigurationList;
			buildConfigurations = (
				D3AB0F422BECCDD40078DBF2 /* Debug */,
				D3AB0F432BECCDD40078DBF2 /* Release */,
			);
			defaultConfigurationIsVisible = 0;
			defaultConfigurationName = Release;
		};
/* End XCConfigurationList section */

/* Begin XCRemoteSwiftPackageReference section */
		D353C5542BF13CDD008B56B2 /* XCRemoteSwiftPackageReference "cocoaimagehashing" */ = {
			isa = XCRemoteSwiftPackageReference;
			repositoryURL = "https://github.com/ameingast/cocoaimagehashing";
			requirement = {
				kind = upToNextMajorVersion;
				minimumVersion = 1.9.0;
			};
		};
/* End XCRemoteSwiftPackageReference section */

/* Begin XCSwiftPackageProductDependency section */
		D353C5552BF13CDD008B56B2 /* CocoaImageHashing */ = {
			isa = XCSwiftPackageProductDependency;
			package = D353C5542BF13CDD008B56B2 /* XCRemoteSwiftPackageReference "cocoaimagehashing" */;
			productName = CocoaImageHashing;
		};
/* End XCSwiftPackageProductDependency section */
	};
	rootObject = D3AB0F2B2BECCDD30078DBF2 /* Project object */;
}
